// !$*UTF8*$!
{
	archiveVersion = 1;
	classes = {
	};
	objectVersion = 77;
	objects = {

/* Begin PBXBuildFile section */
		F70457ED2B31A62E00506DF4 /* Errorcodes.swift in Sources */ = {isa = PBXBuildFile; fileRef = F70457EC2B31A62E00506DF4 /* Errorcodes.swift */; };
		F72264792CED189200173B18 /* CircleIconView.swift in Sources */ = {isa = PBXBuildFile; fileRef = F72264782CED189200173B18 /* CircleIconView.swift */; };
		F727CFE12B35C99E0075351D /* DisplayShareTypes.swift in Sources */ = {isa = PBXBuildFile; fileRef = F727CFE02B35C99E0075351D /* DisplayShareTypes.swift */; };
		F72B13EA2B332987001BDEEA /* Menu.swift in Sources */ = {isa = PBXBuildFile; fileRef = F72B13E92B332987001BDEEA /* Menu.swift */; };
		F73429F92DA5767C0025985F /* AuthenticationView.swift in Sources */ = {isa = PBXBuildFile; fileRef = F73429F12DA5767C0025985F /* AuthenticationView.swift */; };
		F73429FA2DA5767C0025985F /* SettingsView.swift in Sources */ = {isa = PBXBuildFile; fileRef = F73429F52DA5767C0025985F /* SettingsView.swift */; };
		F73429FB2DA5767C0025985F /* NetworkSharesView.swift in Sources */ = {isa = PBXBuildFile; fileRef = F73429F32DA5767C0025985F /* NetworkSharesView.swift */; };
		F73429FC2DA5767C0025985F /* SettingsWindowManager.swift in Sources */ = {isa = PBXBuildFile; fileRef = F73429F62DA5767C0025985F /* SettingsWindowManager.swift */; };
		F73429FE2DA5767C0025985F /* GeneralSettingsView.swift in Sources */ = {isa = PBXBuildFile; fileRef = F73429F22DA5767C0025985F /* GeneralSettingsView.swift */; };
		F739C41A2755297F003A3CC5 /* DefaultValues.plist in Resources */ = {isa = PBXBuildFile; fileRef = F739C418275525BC003A3CC5 /* DefaultValues.plist */; };
		F742ACF62861CB62009864DF /* AppStatistics.swift in Sources */ = {isa = PBXBuildFile; fileRef = F742ACF52861CB62009864DF /* AppStatistics.swift */; };
		F7432E722D11A582009B499B /* dogeADAuth in Frameworks */ = {isa = PBXBuildFile; productRef = F7432E712D11A582009B499B /* dogeADAuth */; };
		F7432E752D11A5BF009B499B /* dogeADAuth in Frameworks */ = {isa = PBXBuildFile; productRef = F7432E742D11A5BF009B499B /* dogeADAuth */; };
		F747F8642B6F814A00AC0772 /* AuthType.swift in Sources */ = {isa = PBXBuildFile; fileRef = F747F8632B6F814A00AC0772 /* AuthType.swift */; };
		F747F8662B6F81D400AC0772 /* MountStatus.swift in Sources */ = {isa = PBXBuildFile; fileRef = F747F8652B6F81D400AC0772 /* MountStatus.swift */; };
		F75964682D13E6CA00916D06 /* dogeADAuth in Frameworks */ = {isa = PBXBuildFile; productRef = F75964672D13E6CA00916D06 /* dogeADAuth */; };
		F765D0552A852911001D5116 /* ShareManager.swift in Sources */ = {isa = PBXBuildFile; fileRef = F765D0542A852911001D5116 /* ShareManager.swift */; };
		F765D0572A852935001D5116 /* Share.swift in Sources */ = {isa = PBXBuildFile; fileRef = F765D0562A852935001D5116 /* Share.swift */; };
		F767A8C82E7962EB0037060A /* Network_Share_MounterApp.swift in Sources */ = {isa = PBXBuildFile; fileRef = F767A8C72E7962EA0037060A /* Network_Share_MounterApp.swift */; };
		F77107B7274EC51600556B20 /* Monitor.swift in Sources */ = {isa = PBXBuildFile; fileRef = F77107B6274EC51600556B20 /* Monitor.swift */; };
		F77107B9274EC76200556B20 /* Mounter.swift in Sources */ = {isa = PBXBuildFile; fileRef = F77107B8274EC76200556B20 /* Mounter.swift */; };
		F77107BB274EC7D200556B20 /* config.swift in Sources */ = {isa = PBXBuildFile; fileRef = F77107BA274EC7D200556B20 /* config.swift */; };
		F7796E122AFBE5AB008F6A26 /* ActivityController.swift in Sources */ = {isa = PBXBuildFile; fileRef = F7796E112AFBE5AB008F6A26 /* ActivityController.swift */; };
		F7885F642C623084000B96AC /* Sparkle in Frameworks */ = {isa = PBXBuildFile; productRef = F7885F632C623084000B96AC /* Sparkle */; };
		F78AF9D02D035D5500E32EEA /* FinderController.swift in Sources */ = {isa = PBXBuildFile; fileRef = F78AF9CF2D035D5500E32EEA /* FinderController.swift */; };
		F78B9D752B0BA7EF00043327 /* KeychainManager.swift in Sources */ = {isa = PBXBuildFile; fileRef = F78B9D742B0BA7EF00043327 /* KeychainManager.swift */; };
		F791FC8B2DD22E5F00F0445C /* AuthProfileManager.swift in Sources */ = {isa = PBXBuildFile; fileRef = F791FC8A2DD22E5F00F0445C /* AuthProfileManager.swift */; };
		F791FC8D2DD22E9200F0445C /* AuthProfile.swift in Sources */ = {isa = PBXBuildFile; fileRef = F791FC8C2DD22E9200F0445C /* AuthProfile.swift */; };
		F791FC9E2DD23DAE00F0445C /* AddShareView.swift in Sources */ = {isa = PBXBuildFile; fileRef = F791FC9D2DD23DAE00F0445C /* AddShareView.swift */; };
		F791FCA02DD23DBC00F0445C /* AuthenticationHeaderView.swift in Sources */ = {isa = PBXBuildFile; fileRef = F791FC9F2DD23DBC00F0445C /* AuthenticationHeaderView.swift */; };
		F791FCA22DD23DC300F0445C /* DetailColumnView.swift in Sources */ = {isa = PBXBuildFile; fileRef = F791FCA12DD23DC300F0445C /* DetailColumnView.swift */; };
		F791FCA82DD23DD500F0445C /* ProfileRowView.swift in Sources */ = {isa = PBXBuildFile; fileRef = F791FCA72DD23DD500F0445C /* ProfileRowView.swift */; };
		F791FCA92DD23DD500F0445C /* ProfileDetailView.swift in Sources */ = {isa = PBXBuildFile; fileRef = F791FCA42DD23DD500F0445C /* ProfileDetailView.swift */; };
		F791FCAA2DD23DD500F0445C /* ProfileDetailPlaceholderView.swift in Sources */ = {isa = PBXBuildFile; fileRef = F791FCA32DD23DD500F0445C /* ProfileDetailPlaceholderView.swift */; };
		F791FCAB2DD23DD500F0445C /* ProfileEditorView.swift in Sources */ = {isa = PBXBuildFile; fileRef = F791FCA52DD23DD500F0445C /* ProfileEditorView.swift */; };
		F791FCAC2DD23DD500F0445C /* ProfileListView.swift in Sources */ = {isa = PBXBuildFile; fileRef = F791FCA62DD23DD500F0445C /* ProfileListView.swift */; };
		F79B1598274E722000C322A8 /* AppDelegate.swift in Sources */ = {isa = PBXBuildFile; fileRef = F79B1597274E722000C322A8 /* AppDelegate.swift */; };
		F79B159C274E722100C322A8 /* Assets.xcassets in Resources */ = {isa = PBXBuildFile; fileRef = F79B159B274E722100C322A8 /* Assets.xcassets */; };
		F79B159F274E722100C322A8 /* Main.storyboard in Resources */ = {isa = PBXBuildFile; fileRef = F79B159D274E722100C322A8 /* Main.storyboard */; };
		F79B15C4274E800C00C322A8 /* NetworkShareMounterViewController.swift in Sources */ = {isa = PBXBuildFile; fileRef = F79B15C3274E800C00C322A8 /* NetworkShareMounterViewController.swift */; };
		F7A7A2192C8F0240006772D4 /* dogeADAuth in Frameworks */ = {isa = PBXBuildFile; productRef = F7A7A2182C8F0240006772D4 /* dogeADAuth */; };
		F7A9B2E62B04FCF600E6E4EA /* HelpPopoverView.swift in Sources */ = {isa = PBXBuildFile; fileRef = F7A9B2E52B04FCF600E6E4EA /* HelpPopoverView.swift */; };
		F7B9EEA02E4220DB00DF2814 /* DirectoryManager.swift in Sources */ = {isa = PBXBuildFile; fileRef = F7B9EE9F2E4220DB00DF2814 /* DirectoryManager.swift */; };
		F7BAC10D274FBA2D00B5BFF4 /* LaunchAtLogin in Frameworks */ = {isa = PBXBuildFile; productRef = F7BAC10C274FBA2D00B5BFF4 /* LaunchAtLogin */; };
		F7C205172C305C8A00902B4E /* dogeADAuth in Frameworks */ = {isa = PBXBuildFile; productRef = F7C205162C305C8A00902B4E /* dogeADAuth */; };
		F7CAE1252CFB879000D0A839 /* Sentry in Frameworks */ = {isa = PBXBuildFile; productRef = F7CAE1242CFB879000D0A839 /* Sentry */; };
		F7CF6E642B1DFB6400643574 /* Localizable.xcstrings in Resources */ = {isa = PBXBuildFile; fileRef = F7CF6E632B1DFB6400643574 /* Localizable.xcstrings */; };
		F7D146D82B84CB7600BFD8F5 /* FileManager.swift in Sources */ = {isa = PBXBuildFile; fileRef = F7D146D72B84CB7600BFD8F5 /* FileManager.swift */; };
		F7D371222B47F7BE00D54FF5 /* KrbAuthViewController.swift in Sources */ = {isa = PBXBuildFile; fileRef = F7D371212B47F7BE00D54FF5 /* KrbAuthViewController.swift */; };
		F7D9404E2C41842700028F9A /* HelpPopoverShareStatusView.swift in Sources */ = {isa = PBXBuildFile; fileRef = F7D9404D2C41842700028F9A /* HelpPopoverShareStatusView.swift */; };
		F7D940502C418B9300028F9A /* MountStatusDescription.swift in Sources */ = {isa = PBXBuildFile; fileRef = F7D9404F2C418B9300028F9A /* MountStatusDescription.swift */; };
		F7E2AF6F2C3061020063960F /* dogeADAuth in Frameworks */ = {isa = PBXBuildFile; productRef = F7E2AF6E2C3061020063960F /* dogeADAuth */; };
		F7E727AA2B03AA9A0036CF15 /* ShareViewController.swift in Sources */ = {isa = PBXBuildFile; fileRef = F7E727A92B03AA9A0036CF15 /* ShareViewController.swift */; };
		F7E801AC2E797BF2009D4D3B /* SentryManager.swift in Sources */ = {isa = PBXBuildFile; fileRef = F7E801AB2E797BF2009D4D3B /* SentryManager.swift */; };
		F7EF65CE2B3B4BEE00051D44 /* Notification.swift in Sources */ = {isa = PBXBuildFile; fileRef = F7EF65CD2B3B4BEE00051D44 /* Notification.swift */; };
		F7EF65D02B3B4DFC00051D44 /* Logger.swift in Sources */ = {isa = PBXBuildFile; fileRef = F7EF65CF2B3B4DFC00051D44 /* Logger.swift */; };
		F7EF65D22B3B56A600051D44 /* AutomaticSignIn.swift in Sources */ = {isa = PBXBuildFile; fileRef = F7EF65D12B3B56A600051D44 /* AutomaticSignIn.swift */; };
		F7EF65DA2B3B574100051D44 /* SRVResolver.swift in Sources */ = {isa = PBXBuildFile; fileRef = F7EF65D92B3B574100051D44 /* SRVResolver.swift */; };
		F7EF65DC2B3B575C00051D44 /* SRVRecord.swift in Sources */ = {isa = PBXBuildFile; fileRef = F7EF65DB2B3B575C00051D44 /* SRVRecord.swift */; };
		F7EF65E32B3B57FC00051D44 /* AccountsManager.swift in Sources */ = {isa = PBXBuildFile; fileRef = F7EF65E22B3B57FC00051D44 /* AccountsManager.swift */; };
		F7EF65E62B3B582F00051D44 /* DogeAccount.swift in Sources */ = {isa = PBXBuildFile; fileRef = F7EF65E52B3B582F00051D44 /* DogeAccount.swift */; };
		F7EF65EC2B3B5C8B00051D44 /* PreferenceKeys.swift in Sources */ = {isa = PBXBuildFile; fileRef = F7EF65EB2B3B5C8B00051D44 /* PreferenceKeys.swift */; };
		F7EF65EE2B3B5CA700051D44 /* PreferenceManager.swift in Sources */ = {isa = PBXBuildFile; fileRef = F7EF65ED2B3B5CA700051D44 /* PreferenceManager.swift */; };
		F7EF65F02B3B5CCD00051D44 /* FAU.swift in Sources */ = {isa = PBXBuildFile; fileRef = F7EF65EF2B3B5CCD00051D44 /* FAU.swift */; };
		F7EF65F32B3B5DBB00051D44 /* String.swift in Sources */ = {isa = PBXBuildFile; fileRef = F7EF65F22B3B5DBB00051D44 /* String.swift */; };
		F7EF65F52B3B5DDC00051D44 /* Data.swift in Sources */ = {isa = PBXBuildFile; fileRef = F7EF65F42B3B5DDC00051D44 /* Data.swift */; };
		F7EF65F72B3B5DF500051D44 /* Date.swift in Sources */ = {isa = PBXBuildFile; fileRef = F7EF65F62B3B5DF500051D44 /* Date.swift */; };
		F7EF65F92B3B5E0800051D44 /* URL.swift in Sources */ = {isa = PBXBuildFile; fileRef = F7EF65F82B3B5E0800051D44 /* URL.swift */; };
		F7EF65FB2B3B5E2300051D44 /* SetupSession.swift in Sources */ = {isa = PBXBuildFile; fileRef = F7EF65FA2B3B5E2300051D44 /* SetupSession.swift */; };
		F7EF66062B3B5F5200051D44 /* NSTaskWrapper.swift in Sources */ = {isa = PBXBuildFile; fileRef = F7EF66052B3B5F5200051D44 /* NSTaskWrapper.swift */; };
		F7EFD0A22D0B191A0064D038 /* dogeADAuth in Frameworks */ = {isa = PBXBuildFile; productRef = F7EFD0A12D0B191A0064D038 /* dogeADAuth */; };
/* End PBXBuildFile section */

/* Begin PBXContainerItemProxy section */
		F706FED52D8EABCF001C2785 /* PBXContainerItemProxy */ = {
			isa = PBXContainerItemProxy;
			containerPortal = D60FA5141E7FBE1300D9B5A5 /* Project object */;
			proxyType = 1;
			remoteGlobalIDString = F79B1594274E722000C322A8;
			remoteInfo = "Network Share Mounter";
		};
/* End PBXContainerItemProxy section */

/* Begin PBXFileReference section */
		F70457EC2B31A62E00506DF4 /* Errorcodes.swift */ = {isa = PBXFileReference; lastKnownFileType = sourcecode.swift; path = Errorcodes.swift; sourceTree = "<group>"; };
		F706FED12D8EABCF001C2785 /* Network Share MounterTests.xctest */ = {isa = PBXFileReference; explicitFileType = wrapper.cfbundle; includeInIndex = 0; path = "Network Share MounterTests.xctest"; sourceTree = BUILT_PRODUCTS_DIR; };
		F72264782CED189200173B18 /* CircleIconView.swift */ = {isa = PBXFileReference; lastKnownFileType = sourcecode.swift; path = CircleIconView.swift; sourceTree = "<group>"; };
		F727CFE02B35C99E0075351D /* DisplayShareTypes.swift */ = {isa = PBXFileReference; lastKnownFileType = sourcecode.swift; path = DisplayShareTypes.swift; sourceTree = "<group>"; };
		F72B13E92B332987001BDEEA /* Menu.swift */ = {isa = PBXFileReference; lastKnownFileType = sourcecode.swift; path = Menu.swift; sourceTree = "<group>"; };
		F73429F12DA5767C0025985F /* AuthenticationView.swift */ = {isa = PBXFileReference; lastKnownFileType = sourcecode.swift; path = AuthenticationView.swift; sourceTree = "<group>"; };
		F73429F22DA5767C0025985F /* GeneralSettingsView.swift */ = {isa = PBXFileReference; lastKnownFileType = sourcecode.swift; path = GeneralSettingsView.swift; sourceTree = "<group>"; };
		F73429F32DA5767C0025985F /* NetworkSharesView.swift */ = {isa = PBXFileReference; lastKnownFileType = sourcecode.swift; path = NetworkSharesView.swift; sourceTree = "<group>"; };
		F73429F52DA5767C0025985F /* SettingsView.swift */ = {isa = PBXFileReference; lastKnownFileType = sourcecode.swift; path = SettingsView.swift; sourceTree = "<group>"; };
		F73429F62DA5767C0025985F /* SettingsWindowManager.swift */ = {isa = PBXFileReference; lastKnownFileType = sourcecode.swift; path = SettingsWindowManager.swift; sourceTree = "<group>"; };
		F739C418275525BC003A3CC5 /* DefaultValues.plist */ = {isa = PBXFileReference; lastKnownFileType = text.plist.xml; path = DefaultValues.plist; sourceTree = "<group>"; };
		F742ACF52861CB62009864DF /* AppStatistics.swift */ = {isa = PBXFileReference; lastKnownFileType = sourcecode.swift; path = AppStatistics.swift; sourceTree = "<group>"; };
		F747F8632B6F814A00AC0772 /* AuthType.swift */ = {isa = PBXFileReference; lastKnownFileType = sourcecode.swift; path = AuthType.swift; sourceTree = "<group>"; };
		F747F8652B6F81D400AC0772 /* MountStatus.swift */ = {isa = PBXFileReference; lastKnownFileType = sourcecode.swift; path = MountStatus.swift; sourceTree = "<group>"; };
		F765D0542A852911001D5116 /* ShareManager.swift */ = {isa = PBXFileReference; lastKnownFileType = sourcecode.swift; path = ShareManager.swift; sourceTree = "<group>"; };
		F765D0562A852935001D5116 /* Share.swift */ = {isa = PBXFileReference; lastKnownFileType = sourcecode.swift; path = Share.swift; sourceTree = "<group>"; };
		F767A8C72E7962EA0037060A /* Network_Share_MounterApp.swift */ = {isa = PBXFileReference; lastKnownFileType = sourcecode.swift; path = Network_Share_MounterApp.swift; sourceTree = "<group>"; };
		F77107B6274EC51600556B20 /* Monitor.swift */ = {isa = PBXFileReference; lastKnownFileType = sourcecode.swift; path = Monitor.swift; sourceTree = "<group>"; };
		F77107B8274EC76200556B20 /* Mounter.swift */ = {isa = PBXFileReference; lastKnownFileType = sourcecode.swift; path = Mounter.swift; sourceTree = "<group>"; };
		F77107BA274EC7D200556B20 /* config.swift */ = {isa = PBXFileReference; lastKnownFileType = sourcecode.swift; path = config.swift; sourceTree = "<group>"; };
		F7796E112AFBE5AB008F6A26 /* ActivityController.swift */ = {isa = PBXFileReference; lastKnownFileType = sourcecode.swift; path = ActivityController.swift; sourceTree = "<group>"; };
		F78AF9CF2D035D5500E32EEA /* FinderController.swift */ = {isa = PBXFileReference; lastKnownFileType = sourcecode.swift; path = FinderController.swift; sourceTree = "<group>"; };
		F78B9D742B0BA7EF00043327 /* KeychainManager.swift */ = {isa = PBXFileReference; lastKnownFileType = sourcecode.swift; path = KeychainManager.swift; sourceTree = "<group>"; };
		F791FC8A2DD22E5F00F0445C /* AuthProfileManager.swift */ = {isa = PBXFileReference; lastKnownFileType = sourcecode.swift; path = AuthProfileManager.swift; sourceTree = "<group>"; };
		F791FC8C2DD22E9200F0445C /* AuthProfile.swift */ = {isa = PBXFileReference; lastKnownFileType = sourcecode.swift; path = AuthProfile.swift; sourceTree = "<group>"; };
		F791FC9D2DD23DAE00F0445C /* AddShareView.swift */ = {isa = PBXFileReference; lastKnownFileType = sourcecode.swift; path = AddShareView.swift; sourceTree = "<group>"; };
		F791FC9F2DD23DBC00F0445C /* AuthenticationHeaderView.swift */ = {isa = PBXFileReference; lastKnownFileType = sourcecode.swift; path = AuthenticationHeaderView.swift; sourceTree = "<group>"; };
		F791FCA12DD23DC300F0445C /* DetailColumnView.swift */ = {isa = PBXFileReference; lastKnownFileType = sourcecode.swift; path = DetailColumnView.swift; sourceTree = "<group>"; };
		F791FCA32DD23DD500F0445C /* ProfileDetailPlaceholderView.swift */ = {isa = PBXFileReference; lastKnownFileType = sourcecode.swift; path = ProfileDetailPlaceholderView.swift; sourceTree = "<group>"; };
		F791FCA42DD23DD500F0445C /* ProfileDetailView.swift */ = {isa = PBXFileReference; lastKnownFileType = sourcecode.swift; path = ProfileDetailView.swift; sourceTree = "<group>"; };
		F791FCA52DD23DD500F0445C /* ProfileEditorView.swift */ = {isa = PBXFileReference; lastKnownFileType = sourcecode.swift; path = ProfileEditorView.swift; sourceTree = "<group>"; };
		F791FCA62DD23DD500F0445C /* ProfileListView.swift */ = {isa = PBXFileReference; lastKnownFileType = sourcecode.swift; path = ProfileListView.swift; sourceTree = "<group>"; };
		F791FCA72DD23DD500F0445C /* ProfileRowView.swift */ = {isa = PBXFileReference; lastKnownFileType = sourcecode.swift; path = ProfileRowView.swift; sourceTree = "<group>"; };
		F79B1595274E722000C322A8 /* Network Share Mounter.app */ = {isa = PBXFileReference; explicitFileType = wrapper.application; includeInIndex = 0; path = "Network Share Mounter.app"; sourceTree = BUILT_PRODUCTS_DIR; };
		F79B1597274E722000C322A8 /* AppDelegate.swift */ = {isa = PBXFileReference; lastKnownFileType = sourcecode.swift; path = AppDelegate.swift; sourceTree = "<group>"; };
		F79B159B274E722100C322A8 /* Assets.xcassets */ = {isa = PBXFileReference; lastKnownFileType = folder.assetcatalog; path = Assets.xcassets; sourceTree = "<group>"; };
		F79B159E274E722100C322A8 /* Base */ = {isa = PBXFileReference; lastKnownFileType = file.storyboard; name = Base; path = Base.lproj/Main.storyboard; sourceTree = "<group>"; };
		F79B15A0274E722100C322A8 /* Network_Share_Mounter.entitlements */ = {isa = PBXFileReference; lastKnownFileType = text.plist.entitlements; path = Network_Share_Mounter.entitlements; sourceTree = "<group>"; };
		F79B15C2274E7D3600C322A8 /* Network-Share-Mounter-Info.plist */ = {isa = PBXFileReference; lastKnownFileType = text.plist; path = "Network-Share-Mounter-Info.plist"; sourceTree = SOURCE_ROOT; };
		F79B15C3274E800C00C322A8 /* NetworkShareMounterViewController.swift */ = {isa = PBXFileReference; lastKnownFileType = sourcecode.swift; path = NetworkShareMounterViewController.swift; sourceTree = "<group>"; };
		F7A9B2E52B04FCF600E6E4EA /* HelpPopoverView.swift */ = {isa = PBXFileReference; lastKnownFileType = sourcecode.swift; path = HelpPopoverView.swift; sourceTree = "<group>"; };
		F7B9EE9F2E4220DB00DF2814 /* DirectoryManager.swift */ = {isa = PBXFileReference; lastKnownFileType = sourcecode.swift; path = DirectoryManager.swift; sourceTree = "<group>"; };
		F7CF6E632B1DFB6400643574 /* Localizable.xcstrings */ = {isa = PBXFileReference; lastKnownFileType = text.json.xcstrings; path = Localizable.xcstrings; sourceTree = "<group>"; };
		F7CF6E652B1DFB6400643574 /* mul */ = {isa = PBXFileReference; lastKnownFileType = text.json.xcstrings; name = mul; path = mul.lproj/Main.xcstrings; sourceTree = "<group>"; };
		F7D146D72B84CB7600BFD8F5 /* FileManager.swift */ = {isa = PBXFileReference; lastKnownFileType = sourcecode.swift; path = FileManager.swift; sourceTree = "<group>"; };
		F7D371212B47F7BE00D54FF5 /* KrbAuthViewController.swift */ = {isa = PBXFileReference; lastKnownFileType = sourcecode.swift; path = KrbAuthViewController.swift; sourceTree = "<group>"; };
		F7D9404D2C41842700028F9A /* HelpPopoverShareStatusView.swift */ = {isa = PBXFileReference; lastKnownFileType = sourcecode.swift; path = HelpPopoverShareStatusView.swift; sourceTree = "<group>"; };
		F7D9404F2C418B9300028F9A /* MountStatusDescription.swift */ = {isa = PBXFileReference; lastKnownFileType = sourcecode.swift; path = MountStatusDescription.swift; sourceTree = "<group>"; };
		F7E727A92B03AA9A0036CF15 /* ShareViewController.swift */ = {isa = PBXFileReference; fileEncoding = 4; lastKnownFileType = sourcecode.swift; name = ShareViewController.swift; path = "Network Share Mounter/view/ShareViewController.swift"; sourceTree = SOURCE_ROOT; };
		F7E801AB2E797BF2009D4D3B /* SentryManager.swift */ = {isa = PBXFileReference; lastKnownFileType = sourcecode.swift; path = SentryManager.swift; sourceTree = "<group>"; };
		F7EF65CD2B3B4BEE00051D44 /* Notification.swift */ = {isa = PBXFileReference; lastKnownFileType = sourcecode.swift; path = Notification.swift; sourceTree = "<group>"; };
		F7EF65CF2B3B4DFC00051D44 /* Logger.swift */ = {isa = PBXFileReference; lastKnownFileType = sourcecode.swift; path = Logger.swift; sourceTree = "<group>"; };
		F7EF65D12B3B56A600051D44 /* AutomaticSignIn.swift */ = {isa = PBXFileReference; lastKnownFileType = sourcecode.swift; path = AutomaticSignIn.swift; sourceTree = "<group>"; };
		F7EF65D92B3B574100051D44 /* SRVResolver.swift */ = {isa = PBXFileReference; lastKnownFileType = sourcecode.swift; path = SRVResolver.swift; sourceTree = "<group>"; };
		F7EF65DB2B3B575C00051D44 /* SRVRecord.swift */ = {isa = PBXFileReference; lastKnownFileType = sourcecode.swift; path = SRVRecord.swift; sourceTree = "<group>"; };
		F7EF65E22B3B57FC00051D44 /* AccountsManager.swift */ = {isa = PBXFileReference; lastKnownFileType = sourcecode.swift; path = AccountsManager.swift; sourceTree = "<group>"; };
		F7EF65E52B3B582F00051D44 /* DogeAccount.swift */ = {isa = PBXFileReference; lastKnownFileType = sourcecode.swift; path = DogeAccount.swift; sourceTree = "<group>"; };
		F7EF65EB2B3B5C8B00051D44 /* PreferenceKeys.swift */ = {isa = PBXFileReference; lastKnownFileType = sourcecode.swift; path = PreferenceKeys.swift; sourceTree = "<group>"; };
		F7EF65ED2B3B5CA700051D44 /* PreferenceManager.swift */ = {isa = PBXFileReference; lastKnownFileType = sourcecode.swift; path = PreferenceManager.swift; sourceTree = "<group>"; };
		F7EF65EF2B3B5CCD00051D44 /* FAU.swift */ = {isa = PBXFileReference; lastKnownFileType = sourcecode.swift; path = FAU.swift; sourceTree = "<group>"; };
		F7EF65F22B3B5DBB00051D44 /* String.swift */ = {isa = PBXFileReference; lastKnownFileType = sourcecode.swift; path = String.swift; sourceTree = "<group>"; };
		F7EF65F42B3B5DDC00051D44 /* Data.swift */ = {isa = PBXFileReference; lastKnownFileType = sourcecode.swift; path = Data.swift; sourceTree = "<group>"; };
		F7EF65F62B3B5DF500051D44 /* Date.swift */ = {isa = PBXFileReference; lastKnownFileType = sourcecode.swift; path = Date.swift; sourceTree = "<group>"; };
		F7EF65F82B3B5E0800051D44 /* URL.swift */ = {isa = PBXFileReference; lastKnownFileType = sourcecode.swift; path = URL.swift; sourceTree = "<group>"; };
		F7EF65FA2B3B5E2300051D44 /* SetupSession.swift */ = {isa = PBXFileReference; lastKnownFileType = sourcecode.swift; path = SetupSession.swift; sourceTree = "<group>"; };
		F7EF66052B3B5F5200051D44 /* NSTaskWrapper.swift */ = {isa = PBXFileReference; lastKnownFileType = sourcecode.swift; path = NSTaskWrapper.swift; sourceTree = "<group>"; };
/* End PBXFileReference section */

/* Begin PBXFileSystemSynchronizedRootGroup section */
		F706FED22D8EABCF001C2785 /* Network Share MounterTests */ = {
			isa = PBXFileSystemSynchronizedRootGroup;
			path = "Network Share MounterTests";
			sourceTree = "<group>";
		};
/* End PBXFileSystemSynchronizedRootGroup section */

/* Begin PBXFrameworksBuildPhase section */
		F706FECE2D8EABCF001C2785 /* Frameworks */ = {
			isa = PBXFrameworksBuildPhase;
			buildActionMask = 2147483647;
			files = (
			);
			runOnlyForDeploymentPostprocessing = 0;
		};
		F79B1592274E722000C322A8 /* Frameworks */ = {
			isa = PBXFrameworksBuildPhase;
			buildActionMask = 2147483647;
			files = (
				F75964682D13E6CA00916D06 /* dogeADAuth in Frameworks */,
				F7432E722D11A582009B499B /* dogeADAuth in Frameworks */,
				F7A7A2192C8F0240006772D4 /* dogeADAuth in Frameworks */,
				F7E2AF6F2C3061020063960F /* dogeADAuth in Frameworks */,
				F7432E752D11A5BF009B499B /* dogeADAuth in Frameworks */,
				F7885F642C623084000B96AC /* Sparkle in Frameworks */,
				F7EFD0A22D0B191A0064D038 /* dogeADAuth in Frameworks */,
				F7C205172C305C8A00902B4E /* dogeADAuth in Frameworks */,
				F7BAC10D274FBA2D00B5BFF4 /* LaunchAtLogin in Frameworks */,
				F7CAE1252CFB879000D0A839 /* Sentry in Frameworks */,
			);
			runOnlyForDeploymentPostprocessing = 0;
		};
/* End PBXFrameworksBuildPhase section */

/* Begin PBXGroup section */
		D60FA5131E7FBE1300D9B5A5 = {
			isa = PBXGroup;
			children = (
				F79B1596274E722000C322A8 /* Network Share Mounter */,
				F706FED22D8EABCF001C2785 /* Network Share MounterTests */,
				D60FA51D1E7FBE1400D9B5A5 /* Products */,
			);
			sourceTree = "<group>";
		};
		D60FA51D1E7FBE1400D9B5A5 /* Products */ = {
			isa = PBXGroup;
			children = (
				F79B1595274E722000C322A8 /* Network Share Mounter.app */,
				F706FED12D8EABCF001C2785 /* Network Share MounterTests.xctest */,
			);
			name = Products;
			sourceTree = "<group>";
		};
		F70457EB2B307C8D00506DF4 /* helper */ = {
			isa = PBXGroup;
			children = (
				F77107B6274EC51600556B20 /* Monitor.swift */,
				F7B9EE9F2E4220DB00DF2814 /* DirectoryManager.swift */,
				F78AF9CF2D035D5500E32EEA /* FinderController.swift */,
				F7796E112AFBE5AB008F6A26 /* ActivityController.swift */,
				F7EF65CF2B3B4DFC00051D44 /* Logger.swift */,
				F7EF66052B3B5F5200051D44 /* NSTaskWrapper.swift */,
				F7EF65D12B3B56A600051D44 /* AutomaticSignIn.swift */,
			);
			path = helper;
			sourceTree = "<group>";
		};
		F73429F72DA5767C0025985F /* views */ = {
			isa = PBXGroup;
			children = (
				F791FC9D2DD23DAE00F0445C /* AddShareView.swift */,
				F791FC9F2DD23DBC00F0445C /* AuthenticationHeaderView.swift */,
				F73429F12DA5767C0025985F /* AuthenticationView.swift */,
				F791FCA12DD23DC300F0445C /* DetailColumnView.swift */,
				F73429F22DA5767C0025985F /* GeneralSettingsView.swift */,
				F73429F32DA5767C0025985F /* NetworkSharesView.swift */,
				F791FCA32DD23DD500F0445C /* ProfileDetailPlaceholderView.swift */,
				F791FCA42DD23DD500F0445C /* ProfileDetailView.swift */,
				F791FCA52DD23DD500F0445C /* ProfileEditorView.swift */,
				F791FCA62DD23DD500F0445C /* ProfileListView.swift */,
				F791FCA72DD23DD500F0445C /* ProfileRowView.swift */,
				F73429F52DA5767C0025985F /* SettingsView.swift */,
				F73429F62DA5767C0025985F /* SettingsWindowManager.swift */,
				F767A8C72E7962EA0037060A /* Network_Share_MounterApp.swift */,
			);
			path = views;
			sourceTree = "<group>";
		};
		F78455422B4C52F000A8F507 /* preferences */ = {
			isa = PBXGroup;
			children = (
				F77107BA274EC7D200556B20 /* config.swift */,
				F7D9404F2C418B9300028F9A /* MountStatusDescription.swift */,
				F7EF65EF2B3B5CCD00051D44 /* FAU.swift */,
				F7EF65EB2B3B5C8B00051D44 /* PreferenceKeys.swift */,
				F7EF65ED2B3B5CA700051D44 /* PreferenceManager.swift */,
			);
			path = preferences;
			sourceTree = "<group>";
		};
		F79B1596274E722000C322A8 /* Network Share Mounter */ = {
			isa = PBXGroup;
			children = (
				F7CF6E632B1DFB6400643574 /* Localizable.xcstrings */,
				F739C418275525BC003A3CC5 /* DefaultValues.plist */,
				F79B15C2274E7D3600C322A8 /* Network-Share-Mounter-Info.plist */,
				F79B1597274E722000C322A8 /* AppDelegate.swift */,
				F78455422B4C52F000A8F507 /* preferences */,
				F7EF65F12B3B5D7000051D44 /* Extensions */,
				F7EF65D62B3B571600051D44 /* lookups */,
				F7EF65DD2B3B57AB00051D44 /* managers */,
				F7E727A82B03AA0D0036CF15 /* model */,
				F70457EB2B307C8D00506DF4 /* helper */,
				F73429F72DA5767C0025985F /* views */,
				F7E727A72B03A9FB0036CF15 /* view */,
				F79B159B274E722100C322A8 /* Assets.xcassets */,
				F79B159D274E722100C322A8 /* Main.storyboard */,
				F79B15A0274E722100C322A8 /* Network_Share_Mounter.entitlements */,
			);
			path = "Network Share Mounter";
			sourceTree = "<group>";
		};
		F7E727A72B03A9FB0036CF15 /* view */ = {
			isa = PBXGroup;
			children = (
				F79B15C3274E800C00C322A8 /* NetworkShareMounterViewController.swift */,
				F72264782CED189200173B18 /* CircleIconView.swift */,
				F7E727A92B03AA9A0036CF15 /* ShareViewController.swift */,
				F7A9B2E52B04FCF600E6E4EA /* HelpPopoverView.swift */,
				F7D9404D2C41842700028F9A /* HelpPopoverShareStatusView.swift */,
				F7D371212B47F7BE00D54FF5 /* KrbAuthViewController.swift */,
			);
			path = view;
			sourceTree = "<group>";
		};
		F7E727A82B03AA0D0036CF15 /* model */ = {
			isa = PBXGroup;
			children = (
				F791FC8A2DD22E5F00F0445C /* AuthProfileManager.swift */,
				F791FC8C2DD22E9200F0445C /* AuthProfile.swift */,
				F747F8652B6F81D400AC0772 /* MountStatus.swift */,
				F747F8632B6F814A00AC0772 /* AuthType.swift */,
				F7EF65E52B3B582F00051D44 /* DogeAccount.swift */,
				F77107B8274EC76200556B20 /* Mounter.swift */,
				F70457EC2B31A62E00506DF4 /* Errorcodes.swift */,
				F765D0562A852935001D5116 /* Share.swift */,
				F742ACF52861CB62009864DF /* AppStatistics.swift */,
				F727CFE02B35C99E0075351D /* DisplayShareTypes.swift */,
				F72B13E92B332987001BDEEA /* Menu.swift */,
			);
			path = model;
			sourceTree = "<group>";
		};
		F7EF65D62B3B571600051D44 /* lookups */ = {
			isa = PBXGroup;
			children = (
				F7EF65D92B3B574100051D44 /* SRVResolver.swift */,
				F7EF65DB2B3B575C00051D44 /* SRVRecord.swift */,
			);
			path = lookups;
			sourceTree = "<group>";
		};
		F7EF65DD2B3B57AB00051D44 /* managers */ = {
			isa = PBXGroup;
			children = (
				F7EF65E22B3B57FC00051D44 /* AccountsManager.swift */,
				F7E801AB2E797BF2009D4D3B /* SentryManager.swift */,
				F765D0542A852911001D5116 /* ShareManager.swift */,
				F78B9D742B0BA7EF00043327 /* KeychainManager.swift */,
			);
			path = managers;
			sourceTree = "<group>";
		};
		F7EF65F12B3B5D7000051D44 /* Extensions */ = {
			isa = PBXGroup;
			children = (
				F7EF65CD2B3B4BEE00051D44 /* Notification.swift */,
				F7D146D72B84CB7600BFD8F5 /* FileManager.swift */,
				F7EF65F22B3B5DBB00051D44 /* String.swift */,
				F7EF65F42B3B5DDC00051D44 /* Data.swift */,
				F7EF65F62B3B5DF500051D44 /* Date.swift */,
				F7EF65F82B3B5E0800051D44 /* URL.swift */,
				F7EF65FA2B3B5E2300051D44 /* SetupSession.swift */,
			);
			path = Extensions;
			sourceTree = "<group>";
		};
/* End PBXGroup section */

/* Begin PBXNativeTarget section */
		F706FED02D8EABCF001C2785 /* Network Share MounterTests */ = {
			isa = PBXNativeTarget;
			buildConfigurationList = F706FED72D8EABCF001C2785 /* Build configuration list for PBXNativeTarget "Network Share MounterTests" */;
			buildPhases = (
				F706FECD2D8EABCF001C2785 /* Sources */,
				F706FECE2D8EABCF001C2785 /* Frameworks */,
				F706FECF2D8EABCF001C2785 /* Resources */,
			);
			buildRules = (
			);
			dependencies = (
				F706FED62D8EABCF001C2785 /* PBXTargetDependency */,
			);
			fileSystemSynchronizedGroups = (
				F706FED22D8EABCF001C2785 /* Network Share MounterTests */,
			);
			name = "Network Share MounterTests";
			packageProductDependencies = (
			);
			productName = "Network Share MounterTests";
			productReference = F706FED12D8EABCF001C2785 /* Network Share MounterTests.xctest */;
			productType = "com.apple.product-type.bundle.unit-test";
		};
		F79B1594274E722000C322A8 /* Network Share Mounter */ = {
			isa = PBXNativeTarget;
			buildConfigurationList = F79B15BD274E722100C322A8 /* Build configuration list for PBXNativeTarget "Network Share Mounter" */;
			buildPhases = (
				F79B1591274E722000C322A8 /* Sources */,
				F79B1592274E722000C322A8 /* Frameworks */,
				F79B1593274E722000C322A8 /* Resources */,
				F7BAC10E274FBCB000B5BFF4 /* ShellScript */,
			);
			buildRules = (
			);
			dependencies = (
			);
			name = "Network Share Mounter";
			packageProductDependencies = (
				F7BAC10C274FBA2D00B5BFF4 /* LaunchAtLogin */,
				F7C205162C305C8A00902B4E /* dogeADAuth */,
				F7E2AF6E2C3061020063960F /* dogeADAuth */,
				F7885F632C623084000B96AC /* Sparkle */,
				F7A7A2182C8F0240006772D4 /* dogeADAuth */,
				F7CAE1242CFB879000D0A839 /* Sentry */,
				F7EFD0A12D0B191A0064D038 /* dogeADAuth */,
				F7432E712D11A582009B499B /* dogeADAuth */,
				F7432E742D11A5BF009B499B /* dogeADAuth */,
				F75964672D13E6CA00916D06 /* dogeADAuth */,
			);
			productName = "Network Share Mounter";
			productReference = F79B1595274E722000C322A8 /* Network Share Mounter.app */;
			productType = "com.apple.product-type.application";
		};
/* End PBXNativeTarget section */

/* Begin PBXProject section */
		D60FA5141E7FBE1300D9B5A5 /* Project object */ = {
			isa = PBXProject;
			attributes = {
				BuildIndependentTargetsInParallel = YES;
				KnownAssetTags = (
					authType,
				);
				LastSwiftUpdateCheck = 1630;
				LastUpgradeCheck = 1610;
				ORGANIZATIONNAME = "FAU - Regionales Rechenzentrum Erlangen";
				TargetAttributes = {
					F706FED02D8EABCF001C2785 = {
						CreatedOnToolsVersion = 16.3;
						TestTargetID = F79B1594274E722000C322A8;
					};
					F79B1594274E722000C322A8 = {
						CreatedOnToolsVersion = 13.2;
					};
				};
			};
			buildConfigurationList = D60FA5171E7FBE1300D9B5A5 /* Build configuration list for PBXProject "networkShareMounter" */;
			developmentRegion = en;
			hasScannedForEncodings = 0;
			knownRegions = (
				en,
				Base,
				de,
				it,
				es,
				fr,
				nl,
			);
			mainGroup = D60FA5131E7FBE1300D9B5A5;
			packageReferences = (
				F7BAC10B274FBA2D00B5BFF4 /* XCRemoteSwiftPackageReference "LaunchAtLogin" */,
				F7885F622C623084000B96AC /* XCRemoteSwiftPackageReference "Sparkle" */,
				F7CAE1232CFB879000D0A839 /* XCRemoteSwiftPackageReference "sentry-cocoa" */,
				F75964662D13E6CA00916D06 /* XCRemoteSwiftPackageReference "dogeadauth" */,
			);
			preferredProjectObjectVersion = 77;
			productRefGroup = D60FA51D1E7FBE1400D9B5A5 /* Products */;
			projectDirPath = "";
			projectRoot = "";
			targets = (
				F79B1594274E722000C322A8 /* Network Share Mounter */,
				F706FED02D8EABCF001C2785 /* Network Share MounterTests */,
			);
		};
/* End PBXProject section */

/* Begin PBXResourcesBuildPhase section */
		F706FECF2D8EABCF001C2785 /* Resources */ = {
			isa = PBXResourcesBuildPhase;
			buildActionMask = 2147483647;
			files = (
			);
			runOnlyForDeploymentPostprocessing = 0;
		};
		F79B1593274E722000C322A8 /* Resources */ = {
			isa = PBXResourcesBuildPhase;
			buildActionMask = 2147483647;
			files = (
				F79B159C274E722100C322A8 /* Assets.xcassets in Resources */,
				F7CF6E642B1DFB6400643574 /* Localizable.xcstrings in Resources */,
				F739C41A2755297F003A3CC5 /* DefaultValues.plist in Resources */,
				F79B159F274E722100C322A8 /* Main.storyboard in Resources */,
			);
			runOnlyForDeploymentPostprocessing = 0;
		};
/* End PBXResourcesBuildPhase section */

/* Begin PBXShellScriptBuildPhase section */
		F7BAC10E274FBCB000B5BFF4 /* ShellScript */ = {
			isa = PBXShellScriptBuildPhase;
			alwaysOutOfDate = 1;
			buildActionMask = 2147483647;
			files = (
			);
			inputFileListPaths = (
			);
			inputPaths = (
			);
			outputFileListPaths = (
			);
			outputPaths = (
			);
			runOnlyForDeploymentPostprocessing = 0;
			shellPath = /bin/sh;
			shellScript = "# Type a script or drag a script file from your workspace to insert its path.\n\"${BUILT_PRODUCTS_DIR}/LaunchAtLogin_LaunchAtLogin.bundle/Contents/Resources/copy-helper-swiftpm.sh\"\n\n\n\n\n\n\n\n";
		};
/* End PBXShellScriptBuildPhase section */

/* Begin PBXSourcesBuildPhase section */
		F706FECD2D8EABCF001C2785 /* Sources */ = {
			isa = PBXSourcesBuildPhase;
			buildActionMask = 2147483647;
			files = (
			);
			runOnlyForDeploymentPostprocessing = 0;
		};
		F79B1591274E722000C322A8 /* Sources */ = {
			isa = PBXSourcesBuildPhase;
			buildActionMask = 2147483647;
			files = (
				F77107B7274EC51600556B20 /* Monitor.swift in Sources */,
				F7E727AA2B03AA9A0036CF15 /* ShareViewController.swift in Sources */,
				F791FC9E2DD23DAE00F0445C /* AddShareView.swift in Sources */,
				F79B15C4274E800C00C322A8 /* NetworkShareMounterViewController.swift in Sources */,
				F7EF65F52B3B5DDC00051D44 /* Data.swift in Sources */,
				F7EF65DC2B3B575C00051D44 /* SRVRecord.swift in Sources */,
				F7A9B2E62B04FCF600E6E4EA /* HelpPopoverView.swift in Sources */,
				F78B9D752B0BA7EF00043327 /* KeychainManager.swift in Sources */,
				F7EF65CE2B3B4BEE00051D44 /* Notification.swift in Sources */,
				F7D371222B47F7BE00D54FF5 /* KrbAuthViewController.swift in Sources */,
				F747F8642B6F814A00AC0772 /* AuthType.swift in Sources */,
				F7EF65D22B3B56A600051D44 /* AutomaticSignIn.swift in Sources */,
				F7EF65F92B3B5E0800051D44 /* URL.swift in Sources */,
				F7D9404E2C41842700028F9A /* HelpPopoverShareStatusView.swift in Sources */,
				F7EF65EC2B3B5C8B00051D44 /* PreferenceKeys.swift in Sources */,
				F7EF65EE2B3B5CA700051D44 /* PreferenceManager.swift in Sources */,
				F7EF65F02B3B5CCD00051D44 /* FAU.swift in Sources */,
				F765D0552A852911001D5116 /* ShareManager.swift in Sources */,
				F7EF66062B3B5F5200051D44 /* NSTaskWrapper.swift in Sources */,
				F7EF65E62B3B582F00051D44 /* DogeAccount.swift in Sources */,
				F72264792CED189200173B18 /* CircleIconView.swift in Sources */,
				F7B9EEA02E4220DB00DF2814 /* DirectoryManager.swift in Sources */,
				F73429F92DA5767C0025985F /* AuthenticationView.swift in Sources */,
				F73429FA2DA5767C0025985F /* SettingsView.swift in Sources */,
				F73429FB2DA5767C0025985F /* NetworkSharesView.swift in Sources */,
				F73429FC2DA5767C0025985F /* SettingsWindowManager.swift in Sources */,
				F73429FE2DA5767C0025985F /* GeneralSettingsView.swift in Sources */,
				F7D146D82B84CB7600BFD8F5 /* FileManager.swift in Sources */,
				F765D0572A852935001D5116 /* Share.swift in Sources */,
				F742ACF62861CB62009864DF /* AppStatistics.swift in Sources */,
				F791FCA02DD23DBC00F0445C /* AuthenticationHeaderView.swift in Sources */,
				F72B13EA2B332987001BDEEA /* Menu.swift in Sources */,
				F791FC8D2DD22E9200F0445C /* AuthProfile.swift in Sources */,
				F70457ED2B31A62E00506DF4 /* Errorcodes.swift in Sources */,
				F77107BB274EC7D200556B20 /* config.swift in Sources */,
				F7EF65F72B3B5DF500051D44 /* Date.swift in Sources */,
				F7EF65DA2B3B574100051D44 /* SRVResolver.swift in Sources */,
				F78AF9D02D035D5500E32EEA /* FinderController.swift in Sources */,
				F7EF65E32B3B57FC00051D44 /* AccountsManager.swift in Sources */,
				F7EF65D02B3B4DFC00051D44 /* Logger.swift in Sources */,
				F7D940502C418B9300028F9A /* MountStatusDescription.swift in Sources */,
				F727CFE12B35C99E0075351D /* DisplayShareTypes.swift in Sources */,
				F7EF65FB2B3B5E2300051D44 /* SetupSession.swift in Sources */,
				F79B1598274E722000C322A8 /* AppDelegate.swift in Sources */,
				F7796E122AFBE5AB008F6A26 /* ActivityController.swift in Sources */,
				F791FCA22DD23DC300F0445C /* DetailColumnView.swift in Sources */,
				F77107B9274EC76200556B20 /* Mounter.swift in Sources */,
				F7E801AC2E797BF2009D4D3B /* SentryManager.swift in Sources */,
				F7EF65F32B3B5DBB00051D44 /* String.swift in Sources */,
				F747F8662B6F81D400AC0772 /* MountStatus.swift in Sources */,
				F791FCA82DD23DD500F0445C /* ProfileRowView.swift in Sources */,
				F791FCA92DD23DD500F0445C /* ProfileDetailView.swift in Sources */,
				F791FCAA2DD23DD500F0445C /* ProfileDetailPlaceholderView.swift in Sources */,
				F791FCAB2DD23DD500F0445C /* ProfileEditorView.swift in Sources */,
				F791FCAC2DD23DD500F0445C /* ProfileListView.swift in Sources */,
				F791FC8B2DD22E5F00F0445C /* AuthProfileManager.swift in Sources */,
				F767A8C82E7962EB0037060A /* Network_Share_MounterApp.swift in Sources */,
			);
			runOnlyForDeploymentPostprocessing = 0;
		};
/* End PBXSourcesBuildPhase section */

/* Begin PBXTargetDependency section */
		F706FED62D8EABCF001C2785 /* PBXTargetDependency */ = {
			isa = PBXTargetDependency;
			target = F79B1594274E722000C322A8 /* Network Share Mounter */;
			targetProxy = F706FED52D8EABCF001C2785 /* PBXContainerItemProxy */;
		};
/* End PBXTargetDependency section */

/* Begin PBXVariantGroup section */
		F79B159D274E722100C322A8 /* Main.storyboard */ = {
			isa = PBXVariantGroup;
			children = (
				F79B159E274E722100C322A8 /* Base */,
				F7CF6E652B1DFB6400643574 /* mul */,
			);
			name = Main.storyboard;
			sourceTree = "<group>";
			usesTabs = 0;
		};
/* End PBXVariantGroup section */

/* Begin XCBuildConfiguration section */
		D60FA5211E7FBE1400D9B5A5 /* Debug */ = {
			isa = XCBuildConfiguration;
			buildSettings = {
				ALWAYS_SEARCH_USER_PATHS = NO;
				ASSETCATALOG_COMPILER_GENERATE_SWIFT_ASSET_SYMBOL_EXTENSIONS = YES;
				CLANG_ANALYZER_LOCALIZABILITY_NONLOCALIZED = YES;
				CLANG_ANALYZER_NONNULL = YES;
				CLANG_CXX_LANGUAGE_STANDARD = "compiler-default";
				CLANG_CXX_LIBRARY = "compiler-default";
				CLANG_ENABLE_MODULES = YES;
				CLANG_ENABLE_OBJC_ARC = YES;
				CLANG_WARN_BLOCK_CAPTURE_AUTORELEASING = YES;
				CLANG_WARN_BOOL_CONVERSION = YES;
				CLANG_WARN_COMMA = YES;
				CLANG_WARN_CONSTANT_CONVERSION = YES;
				CLANG_WARN_DEPRECATED_OBJC_IMPLEMENTATIONS = YES;
				CLANG_WARN_DIRECT_OBJC_ISA_USAGE = YES_ERROR;
				CLANG_WARN_DOCUMENTATION_COMMENTS = YES;
				CLANG_WARN_EMPTY_BODY = YES;
				CLANG_WARN_ENUM_CONVERSION = YES;
				CLANG_WARN_INFINITE_RECURSION = YES;
				CLANG_WARN_INT_CONVERSION = YES;
				CLANG_WARN_NON_LITERAL_NULL_CONVERSION = YES;
				CLANG_WARN_OBJC_IMPLICIT_RETAIN_SELF = YES;
				CLANG_WARN_OBJC_LITERAL_CONVERSION = YES;
				CLANG_WARN_OBJC_ROOT_CLASS = YES_ERROR;
				CLANG_WARN_QUOTED_INCLUDE_IN_FRAMEWORK_HEADER = YES;
				CLANG_WARN_RANGE_LOOP_ANALYSIS = YES;
				CLANG_WARN_STRICT_PROTOTYPES = YES;
				CLANG_WARN_SUSPICIOUS_MOVE = YES;
				CLANG_WARN_SUSPICIOUS_MOVES = YES;
				CLANG_WARN_UNREACHABLE_CODE = YES;
				CLANG_WARN__DUPLICATE_METHOD_MATCH = YES;
				CODE_SIGN_IDENTITY = "3rd Party Mac Developer Application";
				COPY_PHASE_STRIP = NO;
				DEAD_CODE_STRIPPING = YES;
				DEBUG_INFORMATION_FORMAT = dwarf;
				ENABLE_STRICT_OBJC_MSGSEND = YES;
				ENABLE_TESTABILITY = YES;
				ENABLE_USER_SCRIPT_SANDBOXING = NO;
				GCC_C_LANGUAGE_STANDARD = "compiler-default";
				GCC_DYNAMIC_NO_PIC = NO;
				GCC_NO_COMMON_BLOCKS = YES;
				GCC_OPTIMIZATION_LEVEL = 0;
				GCC_PREPROCESSOR_DEFINITIONS = (
					"DEBUG=1",
					"$(inherited)",
				);
				GCC_WARN_64_TO_32_BIT_CONVERSION = YES;
				GCC_WARN_ABOUT_RETURN_TYPE = YES_ERROR;
				GCC_WARN_UNDECLARED_SELECTOR = YES;
				GCC_WARN_UNINITIALIZED_AUTOS = YES_AGGRESSIVE;
				GCC_WARN_UNUSED_FUNCTION = YES;
				GCC_WARN_UNUSED_VARIABLE = YES;
				LOCALIZATION_PREFERS_STRING_CATALOGS = YES;
				MACOSX_DEPLOYMENT_TARGET = 10.13;
				MTL_ENABLE_DEBUG_INFO = YES;
				ONLY_ACTIVE_ARCH = YES;
				SDKROOT = macosx;
				SWIFT_COMPILATION_MODE = wholemodule;
				SWIFT_OPTIMIZATION_LEVEL = "-O";
				SWIFT_VERSION = 5.0;
			};
			name = Debug;
		};
		D60FA5221E7FBE1400D9B5A5 /* Release */ = {
			isa = XCBuildConfiguration;
			buildSettings = {
				ALWAYS_SEARCH_USER_PATHS = NO;
				ASSETCATALOG_COMPILER_GENERATE_SWIFT_ASSET_SYMBOL_EXTENSIONS = YES;
				CLANG_ANALYZER_LOCALIZABILITY_NONLOCALIZED = YES;
				CLANG_ANALYZER_NONNULL = YES;
				CLANG_CXX_LANGUAGE_STANDARD = "compiler-default";
				CLANG_CXX_LIBRARY = "compiler-default";
				CLANG_ENABLE_MODULES = YES;
				CLANG_ENABLE_OBJC_ARC = YES;
				CLANG_WARN_BLOCK_CAPTURE_AUTORELEASING = YES;
				CLANG_WARN_BOOL_CONVERSION = YES;
				CLANG_WARN_COMMA = YES;
				CLANG_WARN_CONSTANT_CONVERSION = YES;
				CLANG_WARN_DEPRECATED_OBJC_IMPLEMENTATIONS = YES;
				CLANG_WARN_DIRECT_OBJC_ISA_USAGE = YES_ERROR;
				CLANG_WARN_DOCUMENTATION_COMMENTS = YES;
				CLANG_WARN_EMPTY_BODY = YES;
				CLANG_WARN_ENUM_CONVERSION = YES;
				CLANG_WARN_INFINITE_RECURSION = YES;
				CLANG_WARN_INT_CONVERSION = YES;
				CLANG_WARN_NON_LITERAL_NULL_CONVERSION = YES;
				CLANG_WARN_OBJC_IMPLICIT_RETAIN_SELF = YES;
				CLANG_WARN_OBJC_LITERAL_CONVERSION = YES;
				CLANG_WARN_OBJC_ROOT_CLASS = YES_ERROR;
				CLANG_WARN_QUOTED_INCLUDE_IN_FRAMEWORK_HEADER = YES;
				CLANG_WARN_RANGE_LOOP_ANALYSIS = YES;
				CLANG_WARN_STRICT_PROTOTYPES = YES;
				CLANG_WARN_SUSPICIOUS_MOVE = YES;
				CLANG_WARN_SUSPICIOUS_MOVES = YES;
				CLANG_WARN_UNREACHABLE_CODE = YES;
				CLANG_WARN__DUPLICATE_METHOD_MATCH = YES;
				CODE_SIGN_IDENTITY = "3rd Party Mac Developer Application";
				COPY_PHASE_STRIP = NO;
				DEAD_CODE_STRIPPING = YES;
				DEBUG_INFORMATION_FORMAT = "dwarf-with-dsym";
				ENABLE_NS_ASSERTIONS = NO;
				ENABLE_STRICT_OBJC_MSGSEND = YES;
				ENABLE_USER_SCRIPT_SANDBOXING = NO;
				GCC_C_LANGUAGE_STANDARD = "compiler-default";
				GCC_NO_COMMON_BLOCKS = YES;
				GCC_WARN_64_TO_32_BIT_CONVERSION = YES;
				GCC_WARN_ABOUT_RETURN_TYPE = YES_ERROR;
				GCC_WARN_UNDECLARED_SELECTOR = YES;
				GCC_WARN_UNINITIALIZED_AUTOS = YES_AGGRESSIVE;
				GCC_WARN_UNUSED_FUNCTION = YES;
				GCC_WARN_UNUSED_VARIABLE = YES;
				LOCALIZATION_PREFERS_STRING_CATALOGS = YES;
				MACOSX_DEPLOYMENT_TARGET = 10.13;
				MTL_ENABLE_DEBUG_INFO = NO;
				SDKROOT = macosx;
				SWIFT_COMPILATION_MODE = wholemodule;
				SWIFT_OPTIMIZATION_LEVEL = "-O";
				SWIFT_VERSION = 5.0;
			};
			name = Release;
		};
		F706FED82D8EABCF001C2785 /* Debug */ = {
			isa = XCBuildConfiguration;
			buildSettings = {
				BUNDLE_LOADER = "$(TEST_HOST)";
				CLANG_ANALYZER_NUMBER_OBJECT_CONVERSION = YES_AGGRESSIVE;
				CLANG_CXX_LANGUAGE_STANDARD = "gnu++20";
				CLANG_ENABLE_OBJC_WEAK = YES;
				CLANG_WARN_UNGUARDED_AVAILABILITY = YES_AGGRESSIVE;
				CODE_SIGN_IDENTITY = "Apple Development";
				CODE_SIGN_STYLE = Automatic;
				CURRENT_PROJECT_VERSION = 349;
				DEVELOPMENT_TEAM = C8F68RFW4L;
				ENABLE_USER_SCRIPT_SANDBOXING = YES;
				GCC_C_LANGUAGE_STANDARD = gnu17;
				GENERATE_INFOPLIST_FILE = YES;
				MACOSX_DEPLOYMENT_TARGET = 12.4;
				MARKETING_VERSION = 1.0;
				MTL_ENABLE_DEBUG_INFO = INCLUDE_SOURCE;
				MTL_FAST_MATH = YES;
				PRODUCT_BUNDLE_IDENTIFIER = "de.fau.rrze.Network-Share-MounterTests";
				PRODUCT_NAME = "$(TARGET_NAME)";
				PROVISIONING_PROFILE_SPECIFIER = "";
				SWIFT_ACTIVE_COMPILATION_CONDITIONS = "DEBUG $(inherited)";
				SWIFT_EMIT_LOC_STRINGS = NO;
				SWIFT_OPTIMIZATION_LEVEL = "-Onone";
				SWIFT_VERSION = 5.0;
				TEST_HOST = "$(BUILT_PRODUCTS_DIR)/Network Share Mounter.app/$(BUNDLE_EXECUTABLE_FOLDER_PATH)/Network Share Mounter";
			};
			name = Debug;
		};
		F706FED92D8EABCF001C2785 /* Release */ = {
			isa = XCBuildConfiguration;
			buildSettings = {
				BUNDLE_LOADER = "$(TEST_HOST)";
				CLANG_ANALYZER_NUMBER_OBJECT_CONVERSION = YES_AGGRESSIVE;
				CLANG_CXX_LANGUAGE_STANDARD = "gnu++20";
				CLANG_ENABLE_OBJC_WEAK = YES;
				CLANG_WARN_UNGUARDED_AVAILABILITY = YES_AGGRESSIVE;
				CODE_SIGN_IDENTITY = "Apple Development";
				CODE_SIGN_STYLE = Automatic;
				CURRENT_PROJECT_VERSION = 349;
				DEVELOPMENT_TEAM = C8F68RFW4L;
				ENABLE_USER_SCRIPT_SANDBOXING = YES;
				GCC_C_LANGUAGE_STANDARD = gnu17;
				GENERATE_INFOPLIST_FILE = YES;
				MACOSX_DEPLOYMENT_TARGET = 12.4;
				MARKETING_VERSION = 1.0;
				MTL_FAST_MATH = YES;
				PRODUCT_BUNDLE_IDENTIFIER = "de.fau.rrze.Network-Share-MounterTests";
				PRODUCT_NAME = "$(TARGET_NAME)";
				PROVISIONING_PROFILE_SPECIFIER = "";
				SWIFT_EMIT_LOC_STRINGS = NO;
				SWIFT_VERSION = 5.0;
				TEST_HOST = "$(BUILT_PRODUCTS_DIR)/Network Share Mounter.app/$(BUNDLE_EXECUTABLE_FOLDER_PATH)/Network Share Mounter";
			};
			name = Release;
		};
		F79B15B7274E722100C322A8 /* Debug */ = {
			isa = XCBuildConfiguration;
			buildSettings = {
				ASSETCATALOG_COMPILER_APPICON_NAME = AppIcon;
				ASSETCATALOG_COMPILER_GLOBAL_ACCENT_COLOR_NAME = AccentColor;
				ASSETCATALOG_COMPILER_INCLUDE_ALL_APPICON_ASSETS = YES;
				CLANG_ANALYZER_NUMBER_OBJECT_CONVERSION = YES_AGGRESSIVE;
				CLANG_CXX_LANGUAGE_STANDARD = "gnu++17";
				CLANG_CXX_LIBRARY = "libc++";
				CLANG_ENABLE_OBJC_WEAK = YES;
				CLANG_WARN_QUOTED_INCLUDE_IN_FRAMEWORK_HEADER = YES;
				CLANG_WARN_UNGUARDED_AVAILABILITY = YES_AGGRESSIVE;
				CODE_SIGN_ENTITLEMENTS = "Network Share Mounter/Network_Share_Mounter.entitlements";
				CODE_SIGN_IDENTITY = "Apple Development";
				"CODE_SIGN_IDENTITY[sdk=macosx*]" = "Developer ID Application";
				CODE_SIGN_STYLE = Manual;
				COMBINE_HIDPI_IMAGES = YES;
				CURRENT_PROJECT_VERSION = 349;
				DEAD_CODE_STRIPPING = YES;
				DEVELOPMENT_TEAM = "";
				"DEVELOPMENT_TEAM[sdk=macosx*]" = C8F68RFW4L;
				ENABLE_HARDENED_RUNTIME = YES;
				GCC_C_LANGUAGE_STANDARD = gnu11;
				GENERATE_INFOPLIST_FILE = YES;
				INFOPLIST_FILE = "Network-Share-Mounter-Info.plist";
				INFOPLIST_KEY_LSApplicationCategoryType = "public.app-category.productivity";
				INFOPLIST_KEY_LSUIElement = YES;
				INFOPLIST_KEY_NSHumanReadableCopyright = "Copyright © 2025 Regionales Rechenzentrum Erlangen. All rights reserved.";
				INFOPLIST_KEY_NSMainStoryboardFile = Main;
				INFOPLIST_KEY_NSPrincipalClass = NSApplication;
				LD_RUNPATH_SEARCH_PATHS = (
					"$(inherited)",
					"@executable_path/../Frameworks",
				);
				MACOSX_DEPLOYMENT_TARGET = 13.5;
				MARKETING_VERSION = 4.0.0;
				MTL_ENABLE_DEBUG_INFO = INCLUDE_SOURCE;
				MTL_FAST_MATH = YES;
				PRODUCT_BUNDLE_IDENTIFIER = de.fau.rrze.NetworkShareMounter;
				PRODUCT_NAME = "$(TARGET_NAME)";
				PROVISIONING_PROFILE_SPECIFIER = "";
				"PROVISIONING_PROFILE_SPECIFIER[sdk=macosx*]" = "match Direct de.fau.rrze.NetworkShareMounter macos";
				SWIFT_ACTIVE_COMPILATION_CONDITIONS = DEBUG;
				SWIFT_COMPILATION_MODE = singlefile;
				SWIFT_EMIT_LOC_STRINGS = YES;
				SWIFT_OPTIMIZATION_LEVEL = "-Onone";
				SWIFT_STRICT_CONCURRENCY = minimal;
				SWIFT_VERSION = 5.0;
			};
			name = Debug;
		};
		F79B15B8274E722100C322A8 /* Release */ = {
			isa = XCBuildConfiguration;
			buildSettings = {
				ASSETCATALOG_COMPILER_APPICON_NAME = AppIcon;
				ASSETCATALOG_COMPILER_GLOBAL_ACCENT_COLOR_NAME = AccentColor;
				ASSETCATALOG_COMPILER_INCLUDE_ALL_APPICON_ASSETS = YES;
				CLANG_ANALYZER_NUMBER_OBJECT_CONVERSION = YES_AGGRESSIVE;
				CLANG_CXX_LANGUAGE_STANDARD = "gnu++17";
				CLANG_CXX_LIBRARY = "libc++";
				CLANG_ENABLE_OBJC_WEAK = YES;
				CLANG_WARN_QUOTED_INCLUDE_IN_FRAMEWORK_HEADER = YES;
				CLANG_WARN_UNGUARDED_AVAILABILITY = YES_AGGRESSIVE;
				CODE_SIGN_ENTITLEMENTS = "Network Share Mounter/Network_Share_Mounter.entitlements";
				CODE_SIGN_IDENTITY = "Apple Development";
				"CODE_SIGN_IDENTITY[sdk=macosx*]" = "Developer ID Application";
				CODE_SIGN_STYLE = Manual;
				COMBINE_HIDPI_IMAGES = YES;
				CURRENT_PROJECT_VERSION = 349;
				DEAD_CODE_STRIPPING = YES;
				DEVELOPMENT_TEAM = "";
				"DEVELOPMENT_TEAM[sdk=macosx*]" = C8F68RFW4L;
				ENABLE_HARDENED_RUNTIME = YES;
				GCC_C_LANGUAGE_STANDARD = gnu11;
				GENERATE_INFOPLIST_FILE = YES;
				INFOPLIST_FILE = "Network-Share-Mounter-Info.plist";
				INFOPLIST_KEY_LSApplicationCategoryType = "public.app-category.productivity";
				INFOPLIST_KEY_LSUIElement = YES;
				INFOPLIST_KEY_NSHumanReadableCopyright = "Copyright © 2025 Regionales Rechenzentrum Erlangen. All rights reserved.";
				INFOPLIST_KEY_NSMainStoryboardFile = Main;
				INFOPLIST_KEY_NSPrincipalClass = NSApplication;
				LD_RUNPATH_SEARCH_PATHS = (
					"$(inherited)",
					"@executable_path/../Frameworks",
				);
				MACOSX_DEPLOYMENT_TARGET = 13.5;
				MARKETING_VERSION = 4.0.0;
				MTL_FAST_MATH = YES;
				PRODUCT_BUNDLE_IDENTIFIER = de.fau.rrze.NetworkShareMounter;
				PRODUCT_NAME = "$(TARGET_NAME)";
				PROVISIONING_PROFILE_SPECIFIER = "";
				"PROVISIONING_PROFILE_SPECIFIER[sdk=macosx*]" = "match Direct de.fau.rrze.NetworkShareMounter macos";
				SWIFT_EMIT_LOC_STRINGS = YES;
				SWIFT_STRICT_CONCURRENCY = minimal;
				SWIFT_VERSION = 5.0;
			};
			name = Release;
		};
/* End XCBuildConfiguration section */

/* Begin XCConfigurationList section */
		D60FA5171E7FBE1300D9B5A5 /* Build configuration list for PBXProject "networkShareMounter" */ = {
			isa = XCConfigurationList;
			buildConfigurations = (
				D60FA5211E7FBE1400D9B5A5 /* Debug */,
				D60FA5221E7FBE1400D9B5A5 /* Release */,
			);
			defaultConfigurationIsVisible = 0;
			defaultConfigurationName = Release;
		};
		F706FED72D8EABCF001C2785 /* Build configuration list for PBXNativeTarget "Network Share MounterTests" */ = {
			isa = XCConfigurationList;
			buildConfigurations = (
				F706FED82D8EABCF001C2785 /* Debug */,
				F706FED92D8EABCF001C2785 /* Release */,
			);
			defaultConfigurationIsVisible = 0;
			defaultConfigurationName = Release;
		};
		F79B15BD274E722100C322A8 /* Build configuration list for PBXNativeTarget "Network Share Mounter" */ = {
			isa = XCConfigurationList;
			buildConfigurations = (
				F79B15B7274E722100C322A8 /* Debug */,
				F79B15B8274E722100C322A8 /* Release */,
			);
			defaultConfigurationIsVisible = 0;
			defaultConfigurationName = Release;
		};
/* End XCConfigurationList section */

/* Begin XCRemoteSwiftPackageReference section */
		F75964662D13E6CA00916D06 /* XCRemoteSwiftPackageReference "dogeadauth" */ = {
			isa = XCRemoteSwiftPackageReference;
			repositoryURL = "https://gitlab.rrze.fau.de/faumac/sp/dogeadauth.git";
			requirement = {
				kind = upToNextMajorVersion;
				minimumVersion = 1.0.13;
			};
		};
		F7885F622C623084000B96AC /* XCRemoteSwiftPackageReference "Sparkle" */ = {
			isa = XCRemoteSwiftPackageReference;
			repositoryURL = "https://github.com/sparkle-project/Sparkle";
			requirement = {
				kind = upToNextMajorVersion;
				minimumVersion = 2.8.0;
			};
		};
		F7BAC10B274FBA2D00B5BFF4 /* XCRemoteSwiftPackageReference "LaunchAtLogin" */ = {
			isa = XCRemoteSwiftPackageReference;
			repositoryURL = "https://github.com/sindresorhus/LaunchAtLogin";
			requirement = {
				kind = upToNextMajorVersion;
				minimumVersion = 4.2.0;
			};
		};
		F7CAE1232CFB879000D0A839 /* XCRemoteSwiftPackageReference "sentry-cocoa" */ = {
			isa = XCRemoteSwiftPackageReference;
			repositoryURL = "https://github.com/getsentry/sentry-cocoa";
			requirement = {
				kind = upToNextMajorVersion;
				minimumVersion = 8.56.0;
			};
		};
/* End XCRemoteSwiftPackageReference section */

/* Begin XCSwiftPackageProductDependency section */
		F7432E712D11A582009B499B /* dogeADAuth */ = {
			isa = XCSwiftPackageProductDependency;
			productName = dogeADAuth;
		};
		F7432E742D11A5BF009B499B /* dogeADAuth */ = {
			isa = XCSwiftPackageProductDependency;
			productName = dogeADAuth;
		};
		F75964672D13E6CA00916D06 /* dogeADAuth */ = {
			isa = XCSwiftPackageProductDependency;
			package = F75964662D13E6CA00916D06 /* XCRemoteSwiftPackageReference "dogeadauth" */;
			productName = dogeADAuth;
		};
		F7885F632C623084000B96AC /* Sparkle */ = {
			isa = XCSwiftPackageProductDependency;
			package = F7885F622C623084000B96AC /* XCRemoteSwiftPackageReference "Sparkle" */;
			productName = Sparkle;
		};
		F7A7A2182C8F0240006772D4 /* dogeADAuth */ = {
			isa = XCSwiftPackageProductDependency;
			productName = dogeADAuth;
		};
		F7BAC10C274FBA2D00B5BFF4 /* LaunchAtLogin */ = {
			isa = XCSwiftPackageProductDependency;
			package = F7BAC10B274FBA2D00B5BFF4 /* XCRemoteSwiftPackageReference "LaunchAtLogin" */;
			productName = LaunchAtLogin;
		};
		F7C205162C305C8A00902B4E /* dogeADAuth */ = {
			isa = XCSwiftPackageProductDependency;
			productName = dogeADAuth;
		};
		F7CAE1242CFB879000D0A839 /* Sentry */ = {
			isa = XCSwiftPackageProductDependency;
			package = F7CAE1232CFB879000D0A839 /* XCRemoteSwiftPackageReference "sentry-cocoa" */;
			productName = Sentry;
		};
		F7E2AF6E2C3061020063960F /* dogeADAuth */ = {
			isa = XCSwiftPackageProductDependency;
			productName = dogeADAuth;
		};
		F7EFD0A12D0B191A0064D038 /* dogeADAuth */ = {
			isa = XCSwiftPackageProductDependency;
			productName = dogeADAuth;
		};
/* End XCSwiftPackageProductDependency section */
	};
	rootObject = D60FA5141E7FBE1300D9B5A5 /* Project object */;
}
