{
  "pins" : [
    {
      "identity" : "dogeadauth",
      "kind" : "remoteSourceControl",
      "location" : "https://gitlab.rrze.fau.de/faumac/dogeadauth",
      "state" : {
        "revision" : "b1cdb322eda108aec72141998959e9ac28744bca",
        "version" : "1.0.0"
      }
    },
    {
      "identity" : "launchatlogin",
      "kind" : "remoteSourceControl",
      "location" : "https://github.com/sindresorhus/LaunchAtLogin",
      "state" : {
        "revision" : "e8171b3e38a2816f579f58f3dac1522aa39efe41",
        "version" : "4.2.0"
      }
    }
  ],
  "version" : 2
}
