{
  "pins" : [
    {
      "identity" : "dogeadauth",
      "kind" : "remoteSourceControl",
      "location" : "https://gitlab.rrze.fau.de/faumac/dogeadauth",
      "state" : {
        "branch" : "main",
        "revision" : "c4376832ebc2ff659d73add1c454b107db933375"
      }
    },
    {
      "identity" : "launchatlogin",
      "kind" : "remoteSourceControl",
      "location" : "https://github.com/sindresorhus/LaunchAtLogin",
      "state" : {
        "revision" : "e8171b3e38a2816f579f58f3dac1522aa39efe41",
        "version" : "4.2.0"
      }
    }
  ],
  "version" : 2
}
